github.com/abdullin/lex-go v0.0.0-20170809071836-51ee1bbe34a4 h1:8V2nybF/93O4jnLnIXfklL2S9bJnnUmatOSLtMM1f6Y=
github.com/abdullin/lex-go v0.0.0-20170809071836-51ee1bbe34a4/go.mod h1:J7uLDotsvcN73ok54s1TLK0K9atmNdPhMtA657aevcM=
github.com/abdullin/mdb v0.0.0-20171224093530-b63d30c6dad8 h1:MjAarp3DEBtzKR6+uAUv4v7ZtcuvBpo89ZAnNNnQLbc=
github.com/abdullin/mdb v0.0.0-20171224093530-b63d30c6dad8/go.mod h1:Y/WE2fBxb7+iL2I96BIlpULEj+QK461egmA/4V/dgh8=
github.com/bmatsuo/lmdb-go v1.8.0 h1:ohf3Q4xjXZBKh4AayUY4bb2CXuhRAI8BYGlJq08EfNA=
github.com/bmatsuo/lmdb-go v1.8.0/go.mod h1:wWPZmKdOAZsl4qOqkowQ1aCrFie1HU8gWloHMCeAUdM=
github.com/golang/protobuf v1.2.0 h1:P3YflyNX/ehuJFLhxviNdFxQPkGK5cDcApsge1SqnvM=
github.com/golang/protobuf v1.2.0/go.mod h1:6lQm79b+lXiMfvg/cZm0SGofjICqVBUtrP5yJMmIC1U=
github.com/pierrec/lz4 v1.0.1 h1:w6GMGWSsCI04fTM8wQRdnW74MuJISakuUU0onU0TYB4=
github.com/pierrec/lz4 v1.0.1/go.mod h1:pdkljMzZIN41W+lC3N2tnIh5sFi+IEE17M5jbnwPHcY=
github.com/pierrec/lz4 v2.0.5+incompatible h1:2xWsjqPFWcplujydGg4WmhC/6fZqK42wMM8aXeqhl0I=
github.com/pierrec/lz4 v2.0.5+incompatible/go.mod h1:pdkljMzZIN41W+lC3N2tnIh5sFi+IEE17M5jbnwPHcY=
github.com/pierrec/xxHash v0.1.1 h1:KP4NrV9023xp3M4FkTYfcXqWigsOCImL1ANJ7sh5vg4=
github.com/pierrec/xxHash v0.1.1/go.mod h1:w2waW5Zoa/Wc4Yqe0wgrIYAGKqRMf7czn2HNKXmuL+I=
github.com/pkg/errors v0.8.0 h1:WdK/asTD0HN+q6hsWO3/vpuAkAr+tw6aNJNDFFf0+qw=
github.com/pkg/errors v0.8.0/go.mod h1:bwawxfHBFNV+L2hUp1rHADufV3IMtnDRdf1r5NINEl0=
